
Microsoft Visual Studio Solution File, Format Version 12.00
# Visual Studio Version 16
VisualStudioVersion = 16.0.29709.97
MinimumVisualStudioVersion = 10.0.40219.1
Project("{FAE04EC0-301F-11D3-BF4B-00C04F79EFBC}") = "playground", "playground.csproj", "{B7FD1218-78CA-4FF3-AA02-907A694F906C}"
EndProject
Project("{FAE04EC0-301F-11D3-BF4B-00C04F79EFBC}") = "winformsPlayground", "..\winformsPlayground\winformsPlayground.csproj", "{23BE3D2E-C09F-43E4-832C-D73D12077C04}"
EndProject
Project("{FAE04EC0-301F-11D3-BF4B-00C04F79EFBC}") = "wpfPlayground", "..\wpfPlayground\wpfPlayground.csproj", "{C3E6A219-D689-4816-AA08-789676CF7C61}"
EndProject
Global
	GlobalSection(SolutionConfigurationPlatforms) = preSolution
		Debug|Any CPU = Debug|Any CPU
		Release|Any CPU = Release|Any CPU
	EndGlobalSection
	GlobalSection(ProjectConfigurationPlatforms) = postSolution
		{B7FD1218-78CA-4FF3-AA02-907A694F906C}.Debug|Any CPU.ActiveCfg = Debug|Any CPU
		{B7FD1218-78CA-4FF3-AA02-907A694F906C}.Debug|Any CPU.Build.0 = Debug|Any CPU
		{B7FD1218-78CA-4FF3-AA02-907A694F906C}.Release|Any CPU.ActiveCfg = Release|Any CPU
		{B7FD1218-78CA-4FF3-AA02-907A694F906C}.Release|Any CPU.Build.0 = Release|Any CPU
		{23BE3D2E-C09F-43E4-832C-D73D12077C04}.Debug|Any CPU.ActiveCfg = Debug|Any CPU
		{23BE3D2E-C09F-43E4-832C-D73D12077C04}.Debug|Any CPU.Build.0 = Debug|Any CPU
		{23BE3D2E-C09F-43E4-832C-D73D12077C04}.Release|Any CPU.ActiveCfg = Release|Any CPU
		{23BE3D2E-C09F-43E4-832C-D73D12077C04}.Release|Any CPU.Build.0 = Release|Any CPU
		{C3E6A219-D689-4816-AA08-789676CF7C61}.Debug|Any CPU.ActiveCfg = Debug|Any CPU
		{C3E6A219-D689-4816-AA08-789676CF7C61}.Debug|Any CPU.Build.0 = Debug|Any CPU
		{C3E6A219-D689-4816-AA08-789676CF7C61}.Release|Any CPU.ActiveCfg = Release|Any CPU
		{C3E6A219-D689-4816-AA08-789676CF7C61}.Release|Any CPU.Build.0 = Release|Any CPU
	EndGlobalSection
	GlobalSection(SolutionProperties) = preSolution
		HideSolutionNode = FALSE
	EndGlobalSection
	GlobalSection(ExtensibilityGlobals) = postSolution
		SolutionGuid = {27BD494E-FD96-4D12-ACE4-816F2D91D2A2}
	EndGlobalSection
EndGlobal
